{
  "version": 4,
  "terraform_version": "1.2.6",
  "serial": 195,
  "lineage": "28c4dfac-506a-eff1-f6b0-4506c968e2ef",
  "outputs": {
    "common_log_workspace_name": {
      "value": "acctest-01",
      "type": "string"
    },
    "common_storage_name": {
      "value": "n01512235ssa",
      "type": "string"
    },
    "common_vault_name": {
      "value": "rsvault1",
      "type": "string"
    },
    "dbname": {
      "value": "db",
      "type": "string"
    },
    "dns_l": {
      "value": [
        "mylinux-dns35-1.australiaeast.cloudapp.azure.com",
        "mylinux-dns35-2.australiaeast.cloudapp.azure.com"
      ],
      "type": [
        "tuple",
        [
          "string",
          "string"
        ]
      ]
    },
    "dns_w": {
      "value": [
        "mywins-dns35.australiaeast.cloudapp.azure.com"
      ],
      "type": [
        "tuple",
        [
          "string"
        ]
      ]
    },
    "hostname_w": {
      "value": [
        "mywins-vm"
      ],
      "type": [
        "tuple",
        [
          "string"
        ]
      ]
    },
    "lb_fqdn": {
      "value": "frontlbdns35.australiaeast.cloudapp.azure.com",
      "type": "string"
    },
    "lbname": {
      "value": "frontlb",
      "type": "string"
    },
    "network_subnet_id": {
      "value": "/subscriptions/59a99a66-ce45-4a31-9ea9-a5554eaef611/resourceGroups/2235-assignment02-RG/providers/Microsoft.Network/virtualNetworks/network-vnet/subnets/network-subnet1",
      "type": "string"
    },
    "network_subnet_name": {
      "value": "network-subnet1",
      "type": "string"
    },
    "network_vnet_name": {
      "value": "network-vnet",
      "type": "string"
    },
    "privateip_l": {
      "value": [
        "10.0.1.4",
        "10.0.1.5"
      ],
      "type": [
        "tuple",
        [
          "string",
          "string"
        ]
      ]
    },
    "privateip_w": {
      "value": [
        "10.0.1.6"
      ],
      "type": [
        "tuple",
        [
          "string"
        ]
      ]
    },
    "publicip_w": {
      "value": [
        "20.5.127.123"
      ],
      "type": [
        "tuple",
        [
          "string"
        ]
      ]
    },
    "rg_location": {
      "value": "australiaeast",
      "type": "string"
    },
    "rg_name": {
      "value": "2235-assignment02-RG",
      "type": "string"
    },
    "storage_account_blob_endpoint": {
      "value": "https://n01512235ssa.blob.core.windows.net/",
      "type": "string"
    },
    "vmlinuxids": {
      "value": [
        "/subscriptions/59a99a66-ce45-4a31-9ea9-a5554eaef611/resourceGroups/2235-assignment02-RG/providers/Microsoft.Compute/virtualMachines/mylinux-vm-1",
        "/subscriptions/59a99a66-ce45-4a31-9ea9-a5554eaef611/resourceGroups/2235-assignment02-RG/providers/Microsoft.Compute/virtualMachines/mylinux-vm-2"
      ],
      "type": [
        "tuple",
        [
          "string",
          "string"
        ]
      ]
    },
    "vmlinuxids_w": {
      "value": "/subscriptions/59a99a66-ce45-4a31-9ea9-a5554eaef611/resourceGroups/2235-assignment02-RG/providers/Microsoft.Compute/virtualMachines/mywins-vm",
      "type": "string"
    },
    "vmlinuxnics": {
      "value": [
        "/subscriptions/59a99a66-ce45-4a31-9ea9-a5554eaef611/resourceGroups/2235-assignment02-RG/providers/Microsoft.Network/networkInterfaces/mylinux-nic-1",
        "/subscriptions/59a99a66-ce45-4a31-9ea9-a5554eaef611/resourceGroups/2235-assignment02-RG/providers/Microsoft.Network/networkInterfaces/mylinux-nic-2"
      ],
      "type": [
        "tuple",
        [
          "string",
          "string"
        ]
      ]
    }
  },
  "resources": [
    {
      "module": "module.common",
      "mode": "managed",
      "type": "azurerm_log_analytics_workspace",
      "name": "log_workspace",
      "provider": "provider[\"registry.terraform.io/hashicorp/azurerm\"]",
      "instances": [
        {
          "schema_version": 2,
          "attributes": {
            "daily_quota_gb": -1,
            "id": "/subscriptions/59a99a66-ce45-4a31-9ea9-a5554eaef611/resourceGroups/2235-assignment02-RG/providers/Microsoft.OperationalInsights/workspaces/acctest-01",
            "internet_ingestion_enabled": true,
            "internet_query_enabled": true,
            "location": "australiaeast",
            "name": "acctest-01",
            "primary_shared_key": "E1lKMktxM/MnD9XiK/ImEDxEprVlYoV/7XfJRAHtqmcHASMGrwuxhK6CpLpb+q21eejfRkPphrGtjKum2XSnXQ==",
            "reservation_capacity_in_gb_per_day": null,
            "resource_group_name": "2235-assignment02-RG",
            "retention_in_days": 30,
            "secondary_shared_key": "JAuGzie9D+AETw2Vnfr4uJ0aq8MgZnuI7wcT+vhplDTIyov87MrFZifS4sFxsUBNYcIUH4OYU9YQvshwMw9tyA==",
            "sku": "PerGB2018",
            "tags": {
              "Environment": "Lab",
              "ExpirationDate": "2022-08-12",
              "Name": "abhishek and mohit",
              "Project": "Automation Project - Assignment 2"
            },
            "timeouts": null,
            "workspace_id": "cdc7c6da-b12c-4b1f-bdbe-70774faf7f95"
          },
          "sensitive_attributes": [],
          "private": "eyJlMmJmYjczMC1lY2FhLTExZTYtOGY4OC0zNDM2M2JjN2M0YzAiOnsiY3JlYXRlIjoxODAwMDAwMDAwMDAwLCJkZWxldGUiOjE4MDAwMDAwMDAwMDAsInJlYWQiOjMwMDAwMDAwMDAwMCwidXBkYXRlIjoxODAwMDAwMDAwMDAwfSwic2NoZW1hX3ZlcnNpb24iOiIyIn0=",
          "dependencies": [
            "module.rgroup.azurerm_resource_group.rg"
          ]
        }
      ]
    },
    {
      "module": "module.common",
      "mode": "managed",
      "type": "azurerm_recovery_services_vault",
      "name": "rs_vault",
      "provider": "provider[\"registry.terraform.io/hashicorp/azurerm\"]",
      "instances": [
        {
          "schema_version": 0,
          "attributes": {
            "cross_region_restore_enabled": false,
            "encryption": [],
            "id": "/subscriptions/59a99a66-ce45-4a31-9ea9-a5554eaef611/resourceGroups/2235-assignment02-RG/providers/Microsoft.RecoveryServices/vaults/rsvault1",
            "identity": [],
            "location": "australiaeast",
            "name": "rsvault1",
            "resource_group_name": "2235-assignment02-RG",
            "sku": "Standard",
            "soft_delete_enabled": true,
            "storage_mode_type": "GeoRedundant",
            "tags": {
              "Environment": "Lab",
              "ExpirationDate": "2022-08-12",
              "Name": "abhishek and mohit",
              "Project": "Automation Project - Assignment 2"
            },
            "timeouts": null
          },
          "sensitive_attributes": [],
          "private": "eyJlMmJmYjczMC1lY2FhLTExZTYtOGY4OC0zNDM2M2JjN2M0YzAiOnsiY3JlYXRlIjoxODAwMDAwMDAwMDAwLCJkZWxldGUiOjE4MDAwMDAwMDAwMDAsInJlYWQiOjMwMDAwMDAwMDAwMCwidXBkYXRlIjoxODAwMDAwMDAwMDAwfX0=",
          "dependencies": [
            "module.rgroup.azurerm_resource_group.rg"
          ]
        }
      ]
    },
    {
      "module": "module.common",
      "mode": "managed",
      "type": "azurerm_storage_account",
      "name": "ssaccount",
      "provider": "provider[\"registry.terraform.io/hashicorp/azurerm\"]",
      "instances": [
        {
          "schema_version": 3,
          "attributes": {
            "access_tier": "Hot",
            "account_kind": "StorageV2",
            "account_replication_type": "LRS",
            "account_tier": "Standard",
            "allow_nested_items_to_be_public": true,
            "azure_files_authentication": [],
            "blob_properties": [
              {
                "change_feed_enabled": false,
                "container_delete_retention_policy": [],
                "cors_rule": [],
                "default_service_version": "",
                "delete_retention_policy": [],
                "last_access_time_enabled": false,
                "versioning_enabled": false
              }
            ],
            "custom_domain": [],
            "customer_managed_key": [],
            "edge_zone": "",
            "enable_https_traffic_only": true,
            "id": "/subscriptions/59a99a66-ce45-4a31-9ea9-a5554eaef611/resourceGroups/2235-assignment02-RG/providers/Microsoft.Storage/storageAccounts/n01512235ssa",
            "identity": [],
            "infrastructure_encryption_enabled": false,
            "is_hns_enabled": false,
            "large_file_share_enabled": null,
            "location": "australiaeast",
            "min_tls_version": "TLS1_2",
            "name": "n01512235ssa",
            "network_rules": [
              {
                "bypass": [
                  "AzureServices"
                ],
                "default_action": "Allow",
                "ip_rules": [],
                "private_link_access": [],
                "virtual_network_subnet_ids": []
              }
            ],
            "nfsv3_enabled": false,
            "primary_access_key": "mBG1guR3DMTwjP+aHW3FO0ttnPax6erQ1kDymYy3Dzs73oTJpmwmubzkIOwcLN7W5fOXkg+QCJYm+AStsCCWtw==",
            "primary_blob_connection_string": "DefaultEndpointsProtocol=https;BlobEndpoint=https://n01512235ssa.blob.core.windows.net/;AccountName=n01512235ssa;AccountKey=mBG1guR3DMTwjP+aHW3FO0ttnPax6erQ1kDymYy3Dzs73oTJpmwmubzkIOwcLN7W5fOXkg+QCJYm+AStsCCWtw==",
            "primary_blob_endpoint": "https://n01512235ssa.blob.core.windows.net/",
            "primary_blob_host": "n01512235ssa.blob.core.windows.net",
            "primary_connection_string": "DefaultEndpointsProtocol=https;AccountName=n01512235ssa;AccountKey=mBG1guR3DMTwjP+aHW3FO0ttnPax6erQ1kDymYy3Dzs73oTJpmwmubzkIOwcLN7W5fOXkg+QCJYm+AStsCCWtw==;EndpointSuffix=core.windows.net",
            "primary_dfs_endpoint": "https://n01512235ssa.dfs.core.windows.net/",
            "primary_dfs_host": "n01512235ssa.dfs.core.windows.net",
            "primary_file_endpoint": "https://n01512235ssa.file.core.windows.net/",
            "primary_file_host": "n01512235ssa.file.core.windows.net",
            "primary_location": "australiaeast",
            "primary_queue_endpoint": "https://n01512235ssa.queue.core.windows.net/",
            "primary_queue_host": "n01512235ssa.queue.core.windows.net",
            "primary_table_endpoint": "https://n01512235ssa.table.core.windows.net/",
            "primary_table_host": "n01512235ssa.table.core.windows.net",
            "primary_web_endpoint": "https://n01512235ssa.z8.web.core.windows.net/",
            "primary_web_host": "n01512235ssa.z8.web.core.windows.net",
            "queue_encryption_key_type": "Service",
            "queue_properties": [
              {
                "cors_rule": [],
                "hour_metrics": [
                  {
                    "enabled": true,
                    "include_apis": true,
                    "retention_policy_days": 7,
                    "version": "1.0"
                  }
                ],
                "logging": [
                  {
                    "delete": false,
                    "read": false,
                    "retention_policy_days": 0,
                    "version": "1.0",
                    "write": false
                  }
                ],
                "minute_metrics": [
                  {
                    "enabled": false,
                    "include_apis": false,
                    "retention_policy_days": 0,
                    "version": "1.0"
                  }
                ]
              }
            ],
            "resource_group_name": "2235-assignment02-RG",
            "routing": [],
            "secondary_access_key": "4hQjvVAUyUPCQvgGhQTvxSliLt8QeIo46a6Prh077NPzhNNhZj7YjMp8bBI+GUGKfic3Igyui1iE+AStF8VNig==",
            "secondary_blob_connection_string": "",
            "secondary_blob_endpoint": null,
            "secondary_blob_host": null,
            "secondary_connection_string": "DefaultEndpointsProtocol=https;AccountName=n01512235ssa;AccountKey=4hQjvVAUyUPCQvgGhQTvxSliLt8QeIo46a6Prh077NPzhNNhZj7YjMp8bBI+GUGKfic3Igyui1iE+AStF8VNig==;EndpointSuffix=core.windows.net",
            "secondary_dfs_endpoint": null,
            "secondary_dfs_host": null,
            "secondary_file_endpoint": null,
            "secondary_file_host": null,
            "secondary_location": "",
            "secondary_queue_endpoint": null,
            "secondary_queue_host": null,
            "secondary_table_endpoint": null,
            "secondary_table_host": null,
            "secondary_web_endpoint": null,
            "secondary_web_host": null,
            "share_properties": [
              {
                "cors_rule": [],
                "retention_policy": [
                  {
                    "days": 7
                  }
                ],
                "smb": []
              }
            ],
            "shared_access_key_enabled": true,
            "static_website": [],
            "table_encryption_key_type": "Service",
            "tags": {
              "Environment": "Lab",
              "ExpirationDate": "2022-08-12",
              "Name": "abhishek and mohit",
              "Project": "Automation Project - Assignment 2"
            },
            "timeouts": null
          },
          "sensitive_attributes": [],
          "private": "eyJlMmJmYjczMC1lY2FhLTExZTYtOGY4OC0zNDM2M2JjN2M0YzAiOnsiY3JlYXRlIjozNjAwMDAwMDAwMDAwLCJkZWxldGUiOjM2MDAwMDAwMDAwMDAsInJlYWQiOjMwMDAwMDAwMDAwMCwidXBkYXRlIjozNjAwMDAwMDAwMDAwfSwic2NoZW1hX3ZlcnNpb24iOiIzIn0=",
          "dependencies": [
            "module.rgroup.azurerm_resource_group.rg"
          ]
        }
      ]
    },
    {
      "module": "module.common",
      "mode": "managed",
      "type": "azurerm_storage_container",
      "name": "storage_container",
      "provider": "provider[\"registry.terraform.io/hashicorp/azurerm\"]",
      "instances": [
        {
          "schema_version": 1,
          "attributes": {
            "container_access_type": "private",
            "has_immutability_policy": false,
            "has_legal_hold": false,
            "id": "https://n01512235ssa.blob.core.windows.net/tfstatefiles",
            "metadata": {},
            "name": "tfstatefiles",
            "resource_manager_id": "/subscriptions/59a99a66-ce45-4a31-9ea9-a5554eaef611/resourceGroups/2235-assignment02-RG/providers/Microsoft.Storage/storageAccounts/n01512235ssa/blobServices/default/containers/tfstatefiles",
            "storage_account_name": "n01512235ssa",
            "timeouts": null
          },
          "sensitive_attributes": [],
          "private": "eyJlMmJmYjczMC1lY2FhLTExZTYtOGY4OC0zNDM2M2JjN2M0YzAiOnsiY3JlYXRlIjoxODAwMDAwMDAwMDAwLCJkZWxldGUiOjE4MDAwMDAwMDAwMDAsInJlYWQiOjMwMDAwMDAwMDAwMCwidXBkYXRlIjoxODAwMDAwMDAwMDAwfSwic2NoZW1hX3ZlcnNpb24iOiIxIn0=",
          "dependencies": [
            "module.common.azurerm_storage_account.ssaccount",
            "module.rgroup.azurerm_resource_group.rg"
          ]
        }
      ]
    },
    {
      "module": "module.database",
      "mode": "managed",
      "type": "azurerm_postgresql_database",
      "name": "db",
      "provider": "provider[\"registry.terraform.io/hashicorp/azurerm\"]",
      "instances": [
        {
          "schema_version": 0,
          "attributes": {
            "charset": "UTF8",
            "collation": "English_United States.1252",
            "id": "/subscriptions/59a99a66-ce45-4a31-9ea9-a5554eaef611/resourceGroups/2235-assignment02-RG/providers/Microsoft.DBforPostgreSQL/servers/n01512235-dbserver/databases/db",
            "name": "db",
            "resource_group_name": "2235-assignment02-RG",
            "server_name": "n01512235-dbserver",
            "timeouts": null
          },
          "sensitive_attributes": [],
          "private": "eyJlMmJmYjczMC1lY2FhLTExZTYtOGY4OC0zNDM2M2JjN2M0YzAiOnsiY3JlYXRlIjozNjAwMDAwMDAwMDAwLCJkZWxldGUiOjM2MDAwMDAwMDAwMDAsInJlYWQiOjMwMDAwMDAwMDAwMCwidXBkYXRlIjozNjAwMDAwMDAwMDAwfX0=",
          "dependencies": [
            "module.database.azurerm_postgresql_server.dbserver",
            "module.rgroup.azurerm_resource_group.rg"
          ]
        }
      ]
    },
    {
      "module": "module.database",
      "mode": "managed",
      "type": "azurerm_postgresql_server",
      "name": "dbserver",
      "provider": "provider[\"registry.terraform.io/hashicorp/azurerm\"]",
      "instances": [
        {
          "schema_version": 0,
          "attributes": {
            "administrator_login": "psqladmin",
            "administrator_login_password": "H@Sh1CoR3!",
            "auto_grow_enabled": true,
            "backup_retention_days": 7,
            "create_mode": "Default",
            "creation_source_server_id": null,
            "fqdn": "n01512235-dbserver.postgres.database.azure.com",
            "geo_redundant_backup_enabled": false,
            "id": "/subscriptions/59a99a66-ce45-4a31-9ea9-a5554eaef611/resourceGroups/2235-assignment02-RG/providers/Microsoft.DBforPostgreSQL/servers/n01512235-dbserver",
            "identity": [],
            "infrastructure_encryption_enabled": false,
            "location": "australiaeast",
            "name": "n01512235-dbserver",
            "public_network_access_enabled": true,
            "resource_group_name": "2235-assignment02-RG",
            "restore_point_in_time": null,
            "sku_name": "B_Gen5_2",
            "ssl_enforcement_enabled": true,
            "ssl_minimal_tls_version_enforced": "TLS1_2",
            "storage_mb": 5120,
            "tags": null,
            "threat_detection_policy": [],
            "timeouts": null,
            "version": "9.5"
          },
          "sensitive_attributes": [],
          "private": "eyJlMmJmYjczMC1lY2FhLTExZTYtOGY4OC0zNDM2M2JjN2M0YzAiOnsiY3JlYXRlIjozNjAwMDAwMDAwMDAwLCJkZWxldGUiOjM2MDAwMDAwMDAwMDAsInJlYWQiOjMwMDAwMDAwMDAwMCwidXBkYXRlIjozNjAwMDAwMDAwMDAwfX0=",
          "dependencies": [
            "module.rgroup.azurerm_resource_group.rg"
          ]
        }
      ]
    },
    {
      "module": "module.datadisk",
      "mode": "managed",
      "type": "azurerm_managed_disk",
      "name": "datadisk1_l",
      "provider": "provider[\"registry.terraform.io/hashicorp/azurerm\"]",
      "instances": [
        {
          "index_key": 0,
          "schema_version": 0,
          "attributes": {
            "create_option": "Empty",
            "disk_access_id": "",
            "disk_encryption_set_id": "",
            "disk_iops_read_only": 0,
            "disk_iops_read_write": 500,
            "disk_mbps_read_only": 0,
            "disk_mbps_read_write": 60,
            "disk_size_gb": 10,
            "edge_zone": "",
            "encryption_settings": [],
            "gallery_image_reference_id": "",
            "hyper_v_generation": "",
            "id": "/subscriptions/59a99a66-ce45-4a31-9ea9-a5554eaef611/resourceGroups/2235-assignment02-RG/providers/Microsoft.Compute/disks/mylinuxdd-dd-1",
            "image_reference_id": "",
            "location": "australiaeast",
            "logical_sector_size": null,
            "max_shares": 0,
            "name": "mylinuxdd-dd-1",
            "network_access_policy": null,
            "on_demand_bursting_enabled": false,
            "os_type": "",
            "public_network_access_enabled": true,
            "resource_group_name": "2235-assignment02-RG",
            "source_resource_id": "",
            "source_uri": "",
            "storage_account_id": "",
            "storage_account_type": "Standard_LRS",
            "tags": {
              "Environment": "Lab",
              "ExpirationDate": "2022-08-12",
              "Name": "abhishek and mohit",
              "Project": "Automation Project - Assignment 2"
            },
            "tier": "",
            "timeouts": null,
            "trusted_launch_enabled": false,
            "zone": ""
          },
          "sensitive_attributes": [],
          "private": "eyJlMmJmYjczMC1lY2FhLTExZTYtOGY4OC0zNDM2M2JjN2M0YzAiOnsiY3JlYXRlIjoxODAwMDAwMDAwMDAwLCJkZWxldGUiOjE4MDAwMDAwMDAwMDAsInJlYWQiOjMwMDAwMDAwMDAwMCwidXBkYXRlIjoxODAwMDAwMDAwMDAwfX0=",
          "dependencies": [
            "module.common.azurerm_log_analytics_workspace.log_workspace",
            "module.common.azurerm_recovery_services_vault.rs_vault",
            "module.common.azurerm_storage_account.ssaccount",
            "module.common.azurerm_storage_container.storage_container",
            "module.network.azurerm_subnet.ns1",
            "module.network.azurerm_virtual_network.network-vnet",
            "module.rgroup.azurerm_resource_group.rg",
            "module.vmlinux.azurerm_availability_set.avset1",
            "module.vmlinux.azurerm_linux_virtual_machine.vm1",
            "module.vmlinux.azurerm_network_interface.nic1",
            "module.vmlinux.azurerm_public_ip.pip1",
            "module.vmlinux.azurerm_virtual_machine_extension.vmextension1",
            "module.vmlinux.null_resource.linux_provisioner",
            "module.vmwindows.azurerm_availability_set.avset2",
            "module.vmwindows.azurerm_network_interface.nic2",
            "module.vmwindows.azurerm_public_ip.pip2",
            "module.vmwindows.azurerm_windows_virtual_machine.vm2"
          ]
        },
        {
          "index_key": 1,
          "schema_version": 0,
          "attributes": {
            "create_option": "Empty",
            "disk_access_id": "",
            "disk_encryption_set_id": "",
            "disk_iops_read_only": 0,
            "disk_iops_read_write": 500,
            "disk_mbps_read_only": 0,
            "disk_mbps_read_write": 60,
            "disk_size_gb": 10,
            "edge_zone": "",
            "encryption_settings": [],
            "gallery_image_reference_id": "",
            "hyper_v_generation": "",
            "id": "/subscriptions/59a99a66-ce45-4a31-9ea9-a5554eaef611/resourceGroups/2235-assignment02-RG/providers/Microsoft.Compute/disks/mylinuxdd-dd-2",
            "image_reference_id": "",
            "location": "australiaeast",
            "logical_sector_size": null,
            "max_shares": 0,
            "name": "mylinuxdd-dd-2",
            "network_access_policy": null,
            "on_demand_bursting_enabled": false,
            "os_type": "",
            "public_network_access_enabled": true,
            "resource_group_name": "2235-assignment02-RG",
            "source_resource_id": "",
            "source_uri": "",
            "storage_account_id": "",
            "storage_account_type": "Standard_LRS",
            "tags": {
              "Environment": "Lab",
              "ExpirationDate": "2022-08-12",
              "Name": "abhishek and mohit",
              "Project": "Automation Project - Assignment 2"
            },
            "tier": "",
            "timeouts": null,
            "trusted_launch_enabled": false,
            "zone": ""
          },
          "sensitive_attributes": [],
          "private": "eyJlMmJmYjczMC1lY2FhLTExZTYtOGY4OC0zNDM2M2JjN2M0YzAiOnsiY3JlYXRlIjoxODAwMDAwMDAwMDAwLCJkZWxldGUiOjE4MDAwMDAwMDAwMDAsInJlYWQiOjMwMDAwMDAwMDAwMCwidXBkYXRlIjoxODAwMDAwMDAwMDAwfX0=",
          "dependencies": [
            "module.common.azurerm_log_analytics_workspace.log_workspace",
            "module.common.azurerm_recovery_services_vault.rs_vault",
            "module.common.azurerm_storage_account.ssaccount",
            "module.common.azurerm_storage_container.storage_container",
            "module.network.azurerm_subnet.ns1",
            "module.network.azurerm_virtual_network.network-vnet",
            "module.rgroup.azurerm_resource_group.rg",
            "module.vmlinux.azurerm_availability_set.avset1",
            "module.vmlinux.azurerm_linux_virtual_machine.vm1",
            "module.vmlinux.azurerm_network_interface.nic1",
            "module.vmlinux.azurerm_public_ip.pip1",
            "module.vmlinux.azurerm_virtual_machine_extension.vmextension1",
            "module.vmlinux.null_resource.linux_provisioner",
            "module.vmwindows.azurerm_availability_set.avset2",
            "module.vmwindows.azurerm_network_interface.nic2",
            "module.vmwindows.azurerm_public_ip.pip2",
            "module.vmwindows.azurerm_windows_virtual_machine.vm2"
          ]
        }
      ]
    },
    {
      "module": "module.datadisk",
      "mode": "managed",
      "type": "azurerm_virtual_machine_data_disk_attachment",
      "name": "linux_data_disk_attach",
      "provider": "provider[\"registry.terraform.io/hashicorp/azurerm\"]",
      "instances": [
        {
          "index_key": 0,
          "schema_version": 0,
          "attributes": {
            "caching": "ReadWrite",
            "create_option": "Attach",
            "id": "/subscriptions/59a99a66-ce45-4a31-9ea9-a5554eaef611/resourceGroups/2235-assignment02-RG/providers/Microsoft.Compute/virtualMachines/mylinux-vm-1/dataDisks/mylinuxdd-dd-2",
            "lun": 0,
            "managed_disk_id": "/subscriptions/59a99a66-ce45-4a31-9ea9-a5554eaef611/resourceGroups/2235-assignment02-RG/providers/Microsoft.Compute/disks/mylinuxdd-dd-2",
            "timeouts": null,
            "virtual_machine_id": "/subscriptions/59a99a66-ce45-4a31-9ea9-a5554eaef611/resourceGroups/2235-assignment02-RG/providers/Microsoft.Compute/virtualMachines/mylinux-vm-1",
            "write_accelerator_enabled": false
          },
          "sensitive_attributes": [],
          "private": "eyJlMmJmYjczMC1lY2FhLTExZTYtOGY4OC0zNDM2M2JjN2M0YzAiOnsiY3JlYXRlIjoxODAwMDAwMDAwMDAwLCJkZWxldGUiOjE4MDAwMDAwMDAwMDAsInJlYWQiOjMwMDAwMDAwMDAwMCwidXBkYXRlIjoxODAwMDAwMDAwMDAwfX0=",
          "dependencies": [
            "module.common.azurerm_log_analytics_workspace.log_workspace",
            "module.common.azurerm_recovery_services_vault.rs_vault",
            "module.common.azurerm_storage_account.ssaccount",
            "module.common.azurerm_storage_container.storage_container",
            "module.datadisk.azurerm_managed_disk.datadisk1_l",
            "module.network.azurerm_subnet.ns1",
            "module.network.azurerm_virtual_network.network-vnet",
            "module.rgroup.azurerm_resource_group.rg",
            "module.vmlinux.azurerm_availability_set.avset1",
            "module.vmlinux.azurerm_linux_virtual_machine.vm1",
            "module.vmlinux.azurerm_network_interface.nic1",
            "module.vmlinux.azurerm_public_ip.pip1",
            "module.vmlinux.azurerm_virtual_machine_extension.vmextension1",
            "module.vmlinux.null_resource.linux_provisioner",
            "module.vmwindows.azurerm_availability_set.avset2",
            "module.vmwindows.azurerm_network_interface.nic2",
            "module.vmwindows.azurerm_public_ip.pip2",
            "module.vmwindows.azurerm_windows_virtual_machine.vm2"
          ]
        },
        {
          "index_key": 1,
          "schema_version": 0,
          "attributes": {
            "caching": "ReadWrite",
            "create_option": "Attach",
            "id": "/subscriptions/59a99a66-ce45-4a31-9ea9-a5554eaef611/resourceGroups/2235-assignment02-RG/providers/Microsoft.Compute/virtualMachines/mylinux-vm-2/dataDisks/mylinuxdd-dd-1",
            "lun": 0,
            "managed_disk_id": "/subscriptions/59a99a66-ce45-4a31-9ea9-a5554eaef611/resourceGroups/2235-assignment02-RG/providers/Microsoft.Compute/disks/mylinuxdd-dd-1",
            "timeouts": null,
            "virtual_machine_id": "/subscriptions/59a99a66-ce45-4a31-9ea9-a5554eaef611/resourceGroups/2235-assignment02-RG/providers/Microsoft.Compute/virtualMachines/mylinux-vm-2",
            "write_accelerator_enabled": false
          },
          "sensitive_attributes": [],
          "private": "eyJlMmJmYjczMC1lY2FhLTExZTYtOGY4OC0zNDM2M2JjN2M0YzAiOnsiY3JlYXRlIjoxODAwMDAwMDAwMDAwLCJkZWxldGUiOjE4MDAwMDAwMDAwMDAsInJlYWQiOjMwMDAwMDAwMDAwMCwidXBkYXRlIjoxODAwMDAwMDAwMDAwfX0=",
          "dependencies": [
            "module.common.azurerm_log_analytics_workspace.log_workspace",
            "module.common.azurerm_recovery_services_vault.rs_vault",
            "module.common.azurerm_storage_account.ssaccount",
            "module.common.azurerm_storage_container.storage_container",
            "module.datadisk.azurerm_managed_disk.datadisk1_l",
            "module.network.azurerm_subnet.ns1",
            "module.network.azurerm_virtual_network.network-vnet",
            "module.rgroup.azurerm_resource_group.rg",
            "module.vmlinux.azurerm_availability_set.avset1",
            "module.vmlinux.azurerm_linux_virtual_machine.vm1",
            "module.vmlinux.azurerm_network_interface.nic1",
            "module.vmlinux.azurerm_public_ip.pip1",
            "module.vmlinux.azurerm_virtual_machine_extension.vmextension1",
            "module.vmlinux.null_resource.linux_provisioner",
            "module.vmwindows.azurerm_availability_set.avset2",
            "module.vmwindows.azurerm_network_interface.nic2",
            "module.vmwindows.azurerm_public_ip.pip2",
            "module.vmwindows.azurerm_windows_virtual_machine.vm2"
          ]
        }
      ]
    },
    {
      "module": "module.loadbalancer",
      "mode": "managed",
      "type": "azurerm_lb",
      "name": "frontlb",
      "provider": "provider[\"registry.terraform.io/hashicorp/azurerm\"]",
      "instances": [
        {
          "schema_version": 0,
          "attributes": {
            "edge_zone": "",
            "frontend_ip_configuration": [
              {
                "gateway_load_balancer_frontend_ip_configuration_id": "",
                "id": "/subscriptions/59a99a66-ce45-4a31-9ea9-a5554eaef611/resourceGroups/2235-assignment02-RG/providers/Microsoft.Network/loadBalancers/frontlb/frontendIPConfigurations/PublicIP",
                "inbound_nat_rules": [],
                "load_balancer_rules": [],
                "name": "PublicIP",
                "outbound_rules": [],
                "private_ip_address": "",
                "private_ip_address_allocation": "Dynamic",
                "private_ip_address_version": "",
                "public_ip_address_id": "/subscriptions/59a99a66-ce45-4a31-9ea9-a5554eaef611/resourceGroups/2235-assignment02-RG/providers/Microsoft.Network/publicIPAddresses/PublicIPForLB",
                "public_ip_prefix_id": "",
                "subnet_id": "",
                "zones": null
              }
            ],
            "id": "/subscriptions/59a99a66-ce45-4a31-9ea9-a5554eaef611/resourceGroups/2235-assignment02-RG/providers/Microsoft.Network/loadBalancers/frontlb",
            "location": "australiaeast",
            "name": "frontlb",
            "private_ip_address": "",
            "private_ip_addresses": [],
            "resource_group_name": "2235-assignment02-RG",
            "sku": "Basic",
            "sku_tier": "Regional",
            "tags": null,
            "timeouts": null
          },
          "sensitive_attributes": [],
          "private": "eyJlMmJmYjczMC1lY2FhLTExZTYtOGY4OC0zNDM2M2JjN2M0YzAiOnsiY3JlYXRlIjoxODAwMDAwMDAwMDAwLCJkZWxldGUiOjE4MDAwMDAwMDAwMDAsInJlYWQiOjMwMDAwMDAwMDAwMCwidXBkYXRlIjoxODAwMDAwMDAwMDAwfX0=",
          "dependencies": [
            "module.common.azurerm_log_analytics_workspace.log_workspace",
            "module.common.azurerm_recovery_services_vault.rs_vault",
            "module.common.azurerm_storage_account.ssaccount",
            "module.common.azurerm_storage_container.storage_container",
            "module.loadbalancer.azurerm_public_ip.pip3",
            "module.network.azurerm_subnet.ns1",
            "module.network.azurerm_virtual_network.network-vnet",
            "module.rgroup.azurerm_resource_group.rg",
            "module.vmlinux.azurerm_availability_set.avset1",
            "module.vmlinux.azurerm_linux_virtual_machine.vm1",
            "module.vmlinux.azurerm_network_interface.nic1",
            "module.vmlinux.azurerm_public_ip.pip1",
            "module.vmlinux.azurerm_virtual_machine_extension.vmextension1",
            "module.vmlinux.null_resource.linux_provisioner"
          ]
        }
      ]
    },
    {
      "module": "module.loadbalancer",
      "mode": "managed",
      "type": "azurerm_lb_backend_address_pool",
      "name": "lb_backendpool",
      "provider": "provider[\"registry.terraform.io/hashicorp/azurerm\"]",
      "instances": [
        {
          "schema_version": 0,
          "attributes": {
            "backend_ip_configurations": [],
            "id": "/subscriptions/59a99a66-ce45-4a31-9ea9-a5554eaef611/resourceGroups/2235-assignment02-RG/providers/Microsoft.Network/loadBalancers/frontlb/backendAddressPools/BackEndAddressPool",
            "load_balancing_rules": [],
            "loadbalancer_id": "/subscriptions/59a99a66-ce45-4a31-9ea9-a5554eaef611/resourceGroups/2235-assignment02-RG/providers/Microsoft.Network/loadBalancers/frontlb",
            "name": "BackEndAddressPool",
            "outbound_rules": [],
            "timeouts": null,
            "tunnel_interface": []
          },
          "sensitive_attributes": [],
          "private": "eyJlMmJmYjczMC1lY2FhLTExZTYtOGY4OC0zNDM2M2JjN2M0YzAiOnsiY3JlYXRlIjoxODAwMDAwMDAwMDAwLCJkZWxldGUiOjE4MDAwMDAwMDAwMDAsInJlYWQiOjMwMDAwMDAwMDAwMCwidXBkYXRlIjoxODAwMDAwMDAwMDAwfX0=",
          "dependencies": [
            "module.common.azurerm_log_analytics_workspace.log_workspace",
            "module.common.azurerm_recovery_services_vault.rs_vault",
            "module.common.azurerm_storage_account.ssaccount",
            "module.common.azurerm_storage_container.storage_container",
            "module.loadbalancer.azurerm_lb.frontlb",
            "module.loadbalancer.azurerm_public_ip.pip3",
            "module.network.azurerm_subnet.ns1",
            "module.network.azurerm_virtual_network.network-vnet",
            "module.rgroup.azurerm_resource_group.rg",
            "module.vmlinux.azurerm_availability_set.avset1",
            "module.vmlinux.azurerm_linux_virtual_machine.vm1",
            "module.vmlinux.azurerm_network_interface.nic1",
            "module.vmlinux.azurerm_public_ip.pip1",
            "module.vmlinux.azurerm_virtual_machine_extension.vmextension1",
            "module.vmlinux.null_resource.linux_provisioner"
          ]
        }
      ]
    },
    {
      "module": "module.loadbalancer",
      "mode": "managed",
      "type": "azurerm_lb_rule",
      "name": "frontlb_rule",
      "provider": "provider[\"registry.terraform.io/hashicorp/azurerm\"]",
      "instances": [
        {
          "schema_version": 0,
          "attributes": {
            "backend_address_pool_ids": [
              "/subscriptions/59a99a66-ce45-4a31-9ea9-a5554eaef611/resourceGroups/2235-assignment02-RG/providers/Microsoft.Network/loadBalancers/frontlb/backendAddressPools/BackEndAddressPool"
            ],
            "backend_port": 80,
            "disable_outbound_snat": false,
            "enable_floating_ip": false,
            "enable_tcp_reset": false,
            "frontend_ip_configuration_id": "/subscriptions/59a99a66-ce45-4a31-9ea9-a5554eaef611/resourceGroups/2235-assignment02-RG/providers/Microsoft.Network/loadBalancers/frontlb/frontendIPConfigurations/PublicIP",
            "frontend_ip_configuration_name": "PublicIP",
            "frontend_port": 80,
            "id": "/subscriptions/59a99a66-ce45-4a31-9ea9-a5554eaef611/resourceGroups/2235-assignment02-RG/providers/Microsoft.Network/loadBalancers/frontlb/loadBalancingRules/LBRule",
            "idle_timeout_in_minutes": 4,
            "load_distribution": "Default",
            "loadbalancer_id": "/subscriptions/59a99a66-ce45-4a31-9ea9-a5554eaef611/resourceGroups/2235-assignment02-RG/providers/Microsoft.Network/loadBalancers/frontlb",
            "name": "LBRule",
            "probe_id": "",
            "protocol": "Tcp",
            "timeouts": null
          },
          "sensitive_attributes": [],
          "private": "eyJlMmJmYjczMC1lY2FhLTExZTYtOGY4OC0zNDM2M2JjN2M0YzAiOnsiY3JlYXRlIjoxODAwMDAwMDAwMDAwLCJkZWxldGUiOjE4MDAwMDAwMDAwMDAsInJlYWQiOjMwMDAwMDAwMDAwMCwidXBkYXRlIjoxODAwMDAwMDAwMDAwfX0=",
          "dependencies": [
            "module.common.azurerm_log_analytics_workspace.log_workspace",
            "module.common.azurerm_recovery_services_vault.rs_vault",
            "module.common.azurerm_storage_account.ssaccount",
            "module.common.azurerm_storage_container.storage_container",
            "module.loadbalancer.azurerm_lb.frontlb",
            "module.loadbalancer.azurerm_lb_backend_address_pool.lb_backendpool",
            "module.loadbalancer.azurerm_public_ip.pip3",
            "module.network.azurerm_subnet.ns1",
            "module.network.azurerm_virtual_network.network-vnet",
            "module.rgroup.azurerm_resource_group.rg",
            "module.vmlinux.azurerm_availability_set.avset1",
            "module.vmlinux.azurerm_linux_virtual_machine.vm1",
            "module.vmlinux.azurerm_network_interface.nic1",
            "module.vmlinux.azurerm_public_ip.pip1",
            "module.vmlinux.azurerm_virtual_machine_extension.vmextension1",
            "module.vmlinux.null_resource.linux_provisioner"
          ]
        }
      ]
    },
    {
      "module": "module.loadbalancer",
      "mode": "managed",
      "type": "azurerm_network_interface_backend_address_pool_association",
      "name": "lb_vm_association",
      "provider": "provider[\"registry.terraform.io/hashicorp/azurerm\"]",
      "instances": [
        {
          "index_key": 0,
          "schema_version": 0,
          "attributes": {
            "backend_address_pool_id": "/subscriptions/59a99a66-ce45-4a31-9ea9-a5554eaef611/resourceGroups/2235-assignment02-RG/providers/Microsoft.Network/loadBalancers/frontlb/backendAddressPools/BackEndAddressPool",
            "id": "/subscriptions/59a99a66-ce45-4a31-9ea9-a5554eaef611/resourceGroups/2235-assignment02-RG/providers/Microsoft.Network/networkInterfaces/mylinux-nic-1/ipConfigurations/mylinux-ipconfig-1|/subscriptions/59a99a66-ce45-4a31-9ea9-a5554eaef611/resourceGroups/2235-assignment02-RG/providers/Microsoft.Network/loadBalancers/frontlb/backendAddressPools/BackEndAddressPool",
            "ip_configuration_name": "mylinux-ipconfig-1",
            "network_interface_id": "/subscriptions/59a99a66-ce45-4a31-9ea9-a5554eaef611/resourceGroups/2235-assignment02-RG/providers/Microsoft.Network/networkInterfaces/mylinux-nic-1",
            "timeouts": null
          },
          "sensitive_attributes": [],
          "private": "eyJlMmJmYjczMC1lY2FhLTExZTYtOGY4OC0zNDM2M2JjN2M0YzAiOnsiY3JlYXRlIjoxODAwMDAwMDAwMDAwLCJkZWxldGUiOjE4MDAwMDAwMDAwMDAsInJlYWQiOjMwMDAwMDAwMDAwMCwidXBkYXRlIjoxODAwMDAwMDAwMDAwfX0=",
          "dependencies": [
            "module.common.azurerm_log_analytics_workspace.log_workspace",
            "module.common.azurerm_recovery_services_vault.rs_vault",
            "module.common.azurerm_storage_account.ssaccount",
            "module.common.azurerm_storage_container.storage_container",
            "module.loadbalancer.azurerm_lb.frontlb",
            "module.loadbalancer.azurerm_lb_backend_address_pool.lb_backendpool",
            "module.loadbalancer.azurerm_public_ip.pip3",
            "module.network.azurerm_subnet.ns1",
            "module.network.azurerm_virtual_network.network-vnet",
            "module.rgroup.azurerm_resource_group.rg",
            "module.vmlinux.azurerm_availability_set.avset1",
            "module.vmlinux.azurerm_linux_virtual_machine.vm1",
            "module.vmlinux.azurerm_network_interface.nic1",
            "module.vmlinux.azurerm_public_ip.pip1",
            "module.vmlinux.azurerm_virtual_machine_extension.vmextension1",
            "module.vmlinux.null_resource.linux_provisioner"
          ]
        },
        {
          "index_key": 1,
          "schema_version": 0,
          "attributes": {
            "backend_address_pool_id": "/subscriptions/59a99a66-ce45-4a31-9ea9-a5554eaef611/resourceGroups/2235-assignment02-RG/providers/Microsoft.Network/loadBalancers/frontlb/backendAddressPools/BackEndAddressPool",
            "id": "/subscriptions/59a99a66-ce45-4a31-9ea9-a5554eaef611/resourceGroups/2235-assignment02-RG/providers/Microsoft.Network/networkInterfaces/mylinux-nic-2/ipConfigurations/mylinux-ipconfig-2|/subscriptions/59a99a66-ce45-4a31-9ea9-a5554eaef611/resourceGroups/2235-assignment02-RG/providers/Microsoft.Network/loadBalancers/frontlb/backendAddressPools/BackEndAddressPool",
            "ip_configuration_name": "mylinux-ipconfig-2",
            "network_interface_id": "/subscriptions/59a99a66-ce45-4a31-9ea9-a5554eaef611/resourceGroups/2235-assignment02-RG/providers/Microsoft.Network/networkInterfaces/mylinux-nic-2",
            "timeouts": null
          },
          "sensitive_attributes": [],
          "private": "eyJlMmJmYjczMC1lY2FhLTExZTYtOGY4OC0zNDM2M2JjN2M0YzAiOnsiY3JlYXRlIjoxODAwMDAwMDAwMDAwLCJkZWxldGUiOjE4MDAwMDAwMDAwMDAsInJlYWQiOjMwMDAwMDAwMDAwMCwidXBkYXRlIjoxODAwMDAwMDAwMDAwfX0=",
          "dependencies": [
            "module.common.azurerm_log_analytics_workspace.log_workspace",
            "module.common.azurerm_recovery_services_vault.rs_vault",
            "module.common.azurerm_storage_account.ssaccount",
            "module.common.azurerm_storage_container.storage_container",
            "module.loadbalancer.azurerm_lb.frontlb",
            "module.loadbalancer.azurerm_lb_backend_address_pool.lb_backendpool",
            "module.loadbalancer.azurerm_public_ip.pip3",
            "module.network.azurerm_subnet.ns1",
            "module.network.azurerm_virtual_network.network-vnet",
            "module.rgroup.azurerm_resource_group.rg",
            "module.vmlinux.azurerm_availability_set.avset1",
            "module.vmlinux.azurerm_linux_virtual_machine.vm1",
            "module.vmlinux.azurerm_network_interface.nic1",
            "module.vmlinux.azurerm_public_ip.pip1",
            "module.vmlinux.azurerm_virtual_machine_extension.vmextension1",
            "module.vmlinux.null_resource.linux_provisioner"
          ]
        }
      ]
    },
    {
      "module": "module.loadbalancer",
      "mode": "managed",
      "type": "azurerm_public_ip",
      "name": "pip3",
      "provider": "provider[\"registry.terraform.io/hashicorp/azurerm\"]",
      "instances": [
        {
          "schema_version": 0,
          "attributes": {
            "allocation_method": "Static",
            "domain_name_label": "frontlbdns35",
            "edge_zone": "",
            "fqdn": "frontlbdns35.australiaeast.cloudapp.azure.com",
            "id": "/subscriptions/59a99a66-ce45-4a31-9ea9-a5554eaef611/resourceGroups/2235-assignment02-RG/providers/Microsoft.Network/publicIPAddresses/PublicIPForLB",
            "idle_timeout_in_minutes": 4,
            "ip_address": "20.213.39.181",
            "ip_tags": null,
            "ip_version": "IPv4",
            "location": "australiaeast",
            "name": "PublicIPForLB",
            "public_ip_prefix_id": null,
            "resource_group_name": "2235-assignment02-RG",
            "reverse_fqdn": "",
            "sku": "Basic",
            "sku_tier": "Regional",
            "tags": null,
            "timeouts": null,
            "zones": null
          },
          "sensitive_attributes": [],
          "private": "eyJlMmJmYjczMC1lY2FhLTExZTYtOGY4OC0zNDM2M2JjN2M0YzAiOnsiY3JlYXRlIjoxODAwMDAwMDAwMDAwLCJkZWxldGUiOjE4MDAwMDAwMDAwMDAsInJlYWQiOjMwMDAwMDAwMDAwMCwidXBkYXRlIjoxODAwMDAwMDAwMDAwfX0=",
          "dependencies": [
            "module.common.azurerm_log_analytics_workspace.log_workspace",
            "module.common.azurerm_recovery_services_vault.rs_vault",
            "module.common.azurerm_storage_account.ssaccount",
            "module.common.azurerm_storage_container.storage_container",
            "module.network.azurerm_subnet.ns1",
            "module.network.azurerm_virtual_network.network-vnet",
            "module.rgroup.azurerm_resource_group.rg",
            "module.vmlinux.azurerm_availability_set.avset1",
            "module.vmlinux.azurerm_linux_virtual_machine.vm1",
            "module.vmlinux.azurerm_network_interface.nic1",
            "module.vmlinux.azurerm_public_ip.pip1",
            "module.vmlinux.azurerm_virtual_machine_extension.vmextension1",
            "module.vmlinux.null_resource.linux_provisioner"
          ]
        }
      ]
    },
    {
      "module": "module.network",
      "mode": "managed",
      "type": "azurerm_subnet",
      "name": "ns1",
      "provider": "provider[\"registry.terraform.io/hashicorp/azurerm\"]",
      "instances": [
        {
          "schema_version": 0,
          "attributes": {
            "address_prefixes": [
              "10.0.1.0/24"
            ],
            "delegation": [],
            "enforce_private_link_endpoint_network_policies": false,
            "enforce_private_link_service_network_policies": false,
            "id": "/subscriptions/59a99a66-ce45-4a31-9ea9-a5554eaef611/resourceGroups/2235-assignment02-RG/providers/Microsoft.Network/virtualNetworks/network-vnet/subnets/network-subnet1",
            "name": "network-subnet1",
            "resource_group_name": "2235-assignment02-RG",
            "service_endpoint_policy_ids": null,
            "service_endpoints": null,
            "timeouts": null,
            "virtual_network_name": "network-vnet"
          },
          "sensitive_attributes": [],
          "private": "eyJlMmJmYjczMC1lY2FhLTExZTYtOGY4OC0zNDM2M2JjN2M0YzAiOnsiY3JlYXRlIjoxODAwMDAwMDAwMDAwLCJkZWxldGUiOjE4MDAwMDAwMDAwMDAsInJlYWQiOjMwMDAwMDAwMDAwMCwidXBkYXRlIjoxODAwMDAwMDAwMDAwfX0=",
          "dependencies": [
            "module.network.azurerm_virtual_network.network-vnet",
            "module.rgroup.azurerm_resource_group.rg"
          ]
        }
      ]
    },
    {
      "module": "module.network",
      "mode": "managed",
      "type": "azurerm_virtual_network",
      "name": "network-vnet",
      "provider": "provider[\"registry.terraform.io/hashicorp/azurerm\"]",
      "instances": [
        {
          "schema_version": 0,
          "attributes": {
            "address_space": [
              "10.0.0.0/16"
            ],
            "bgp_community": "",
            "ddos_protection_plan": [],
            "dns_servers": [],
            "edge_zone": "",
            "flow_timeout_in_minutes": 0,
            "guid": "722dc2f6-6e75-44d9-842f-8d6130c459ba",
            "id": "/subscriptions/59a99a66-ce45-4a31-9ea9-a5554eaef611/resourceGroups/2235-assignment02-RG/providers/Microsoft.Network/virtualNetworks/network-vnet",
            "location": "australiaeast",
            "name": "network-vnet",
            "resource_group_name": "2235-assignment02-RG",
            "subnet": [],
            "tags": {
              "Environment": "Lab",
              "ExpirationDate": "2022-08-12",
              "Name": "abhishek and mohit",
              "Project": "Automation Project - Assignment 2"
            },
            "timeouts": null
          },
          "sensitive_attributes": [],
          "private": "eyJlMmJmYjczMC1lY2FhLTExZTYtOGY4OC0zNDM2M2JjN2M0YzAiOnsiY3JlYXRlIjoxODAwMDAwMDAwMDAwLCJkZWxldGUiOjE4MDAwMDAwMDAwMDAsInJlYWQiOjMwMDAwMDAwMDAwMCwidXBkYXRlIjoxODAwMDAwMDAwMDAwfX0=",
          "dependencies": [
            "module.rgroup.azurerm_resource_group.rg"
          ]
        }
      ]
    },
    {
      "module": "module.provisionerforansible",
      "mode": "managed",
      "type": "null_resource",
      "name": "ansible-deploy",
      "provider": "provider[\"registry.terraform.io/hashicorp/null\"]",
      "instances": [
        {
          "schema_version": 0,
          "attributes": {
            "id": "7479403729319441850",
            "triggers": null
          },
          "sensitive_attributes": [],
          "private": "bnVsbA==",
          "dependencies": [
            "module.common.azurerm_log_analytics_workspace.log_workspace",
            "module.common.azurerm_recovery_services_vault.rs_vault",
            "module.common.azurerm_storage_account.ssaccount",
            "module.common.azurerm_storage_container.storage_container",
            "module.datadisk.azurerm_managed_disk.datadisk1_l",
            "module.datadisk.azurerm_virtual_machine_data_disk_attachment.linux_data_disk_attach",
            "module.network.azurerm_subnet.ns1",
            "module.network.azurerm_virtual_network.network-vnet",
            "module.rgroup.azurerm_resource_group.rg",
            "module.vmlinux.azurerm_availability_set.avset1",
            "module.vmlinux.azurerm_linux_virtual_machine.vm1",
            "module.vmlinux.azurerm_network_interface.nic1",
            "module.vmlinux.azurerm_public_ip.pip1",
            "module.vmlinux.azurerm_virtual_machine_extension.vmextension1",
            "module.vmlinux.null_resource.linux_provisioner",
            "module.vmwindows.azurerm_availability_set.avset2",
            "module.vmwindows.azurerm_network_interface.nic2",
            "module.vmwindows.azurerm_public_ip.pip2",
            "module.vmwindows.azurerm_windows_virtual_machine.vm2"
          ]
        }
      ]
    },
    {
      "module": "module.rgroup",
      "mode": "managed",
      "type": "azurerm_resource_group",
      "name": "rg",
      "provider": "provider[\"registry.terraform.io/hashicorp/azurerm\"]",
      "instances": [
        {
          "schema_version": 0,
          "attributes": {
            "id": "/subscriptions/59a99a66-ce45-4a31-9ea9-a5554eaef611/resourceGroups/2235-assignment02-RG",
            "location": "australiaeast",
            "name": "2235-assignment02-RG",
            "tags": {
              "Environment": "Lab",
              "ExpirationDate": "2022-08-12",
              "Name": "abhishek and mohit",
              "Project": "Automation Project - Assignment 2"
            },
            "timeouts": null
          },
          "sensitive_attributes": [],
          "private": "eyJlMmJmYjczMC1lY2FhLTExZTYtOGY4OC0zNDM2M2JjN2M0YzAiOnsiY3JlYXRlIjo1NDAwMDAwMDAwMDAwLCJkZWxldGUiOjU0MDAwMDAwMDAwMDAsInJlYWQiOjMwMDAwMDAwMDAwMCwidXBkYXRlIjo1NDAwMDAwMDAwMDAwfX0="
        }
      ]
    },
    {
      "module": "module.vmlinux",
      "mode": "managed",
      "type": "azurerm_availability_set",
      "name": "avset1",
      "provider": "provider[\"registry.terraform.io/hashicorp/azurerm\"]",
      "instances": [
        {
          "schema_version": 0,
          "attributes": {
            "id": "/subscriptions/59a99a66-ce45-4a31-9ea9-a5554eaef611/resourceGroups/2235-assignment02-RG/providers/Microsoft.Compute/availabilitySets/AvsetforLinux",
            "location": "australiaeast",
            "managed": true,
            "name": "AvsetforLinux",
            "platform_fault_domain_count": 2,
            "platform_update_domain_count": 10,
            "proximity_placement_group_id": null,
            "resource_group_name": "2235-assignment02-RG",
            "tags": {
              "Environment": "Lab",
              "ExpirationDate": "2022-08-12",
              "Name": "abhishek and mohit",
              "Project": "Automation Project - Assignment 2"
            },
            "timeouts": null
          },
          "sensitive_attributes": [],
          "private": "eyJlMmJmYjczMC1lY2FhLTExZTYtOGY4OC0zNDM2M2JjN2M0YzAiOnsiY3JlYXRlIjoxODAwMDAwMDAwMDAwLCJkZWxldGUiOjE4MDAwMDAwMDAwMDAsInJlYWQiOjMwMDAwMDAwMDAwMCwidXBkYXRlIjoxODAwMDAwMDAwMDAwfX0=",
          "dependencies": [
            "module.common.azurerm_log_analytics_workspace.log_workspace",
            "module.common.azurerm_recovery_services_vault.rs_vault",
            "module.common.azurerm_storage_account.ssaccount",
            "module.common.azurerm_storage_container.storage_container",
            "module.network.azurerm_subnet.ns1",
            "module.network.azurerm_virtual_network.network-vnet",
            "module.rgroup.azurerm_resource_group.rg"
          ]
        }
      ]
    },
    {
      "module": "module.vmlinux",
      "mode": "managed",
      "type": "azurerm_linux_virtual_machine",
      "name": "vm1",
      "provider": "provider[\"registry.terraform.io/hashicorp/azurerm\"]",
      "instances": [
        {
          "index_key": 0,
          "schema_version": 0,
          "attributes": {
            "additional_capabilities": [],
            "admin_password": null,
            "admin_ssh_key": [
              {
                "public_key": "ssh-rsa AAAAB3NzaC1yc2EAAAADAQABAAABgQDrzM3bf6uhs7RJWy7fetZPbdoqYY/bXte58bmU5mY6Y9p2z27PL3UaUC5idy6hR5pVwSVwEzHrbj9/Eq7EI+K9LbJDCGwp5qF7gNCzOkD22zB6m62o6SGmzMtjlN8oLYoDpHhqNwLXWNMhewAR7NXfaGa6dgKxwK1KfZVo9abhbuUvKrm+ema0Ao9G8lr1d8qaz5beLwNVZqWFX4d1ELwrS8nqqelOlK0DedIBwCSpQsTza3dOI7e21FgegkDJKWiE0jdUKyysQOWF0b5iihuVWhuPPZehqw8C/HphDfamJ4ndhGexnK5WK3U22R5lSEzWkOpGDsxB08Xs1XWmT4VCo2WKsLq4eLDLuJ0SBOj6GYp1i4tRkrshpJwwB9YbBOMchdW23WnfYTeM6oorT95aZX4VqFZst/rcvA6ARR4t4fRqiNSqtWsl6Kp8N4mb9MPzBdEOp4PLPCID+WpYY4Ek3xWlI+UqfVxd47uB5xO9hHarqHAnxLB0QKBhfcvWi4s= root@DESKTOP-NGU72LE\n",
                "username": "n01512235"
              }
            ],
            "admin_username": "n01512235",
            "allow_extension_operations": true,
            "availability_set_id": "/subscriptions/59a99a66-ce45-4a31-9ea9-a5554eaef611/resourceGroups/2235-assignment02-RG/providers/Microsoft.Compute/availabilitySets/AVSETFORLINUX",
            "boot_diagnostics": [
              {
                "storage_account_uri": "https://n01512235ssa.blob.core.windows.net/"
              }
            ],
            "computer_name": "mylinux-cn-1",
            "custom_data": null,
            "dedicated_host_group_id": "",
            "dedicated_host_id": "",
            "disable_password_authentication": true,
            "edge_zone": "",
            "encryption_at_host_enabled": false,
            "eviction_policy": "",
            "extensions_time_budget": "PT1H30M",
            "id": "/subscriptions/59a99a66-ce45-4a31-9ea9-a5554eaef611/resourceGroups/2235-assignment02-RG/providers/Microsoft.Compute/virtualMachines/mylinux-vm-1",
            "identity": [],
            "license_type": "",
            "location": "australiaeast",
            "max_bid_price": -1,
            "name": "mylinux-vm-1",
            "network_interface_ids": [
              "/subscriptions/59a99a66-ce45-4a31-9ea9-a5554eaef611/resourceGroups/2235-assignment02-RG/providers/Microsoft.Network/networkInterfaces/mylinux-nic-2"
            ],
            "os_disk": [
              {
                "caching": "ReadWrite",
                "diff_disk_settings": [],
                "disk_encryption_set_id": "",
                "disk_size_gb": 32,
                "name": "mylinux-os-disk-1",
                "storage_account_type": "Premium_LRS",
                "write_accelerator_enabled": false
              }
            ],
            "patch_mode": "ImageDefault",
            "plan": [],
            "platform_fault_domain": -1,
            "priority": "Regular",
            "private_ip_address": "10.0.1.4",
            "private_ip_addresses": [
              "10.0.1.4"
            ],
            "provision_vm_agent": true,
            "proximity_placement_group_id": "",
            "public_ip_address": "20.5.123.113",
            "public_ip_addresses": [
              "20.5.123.113"
            ],
            "resource_group_name": "2235-assignment02-RG",
            "secret": [],
            "secure_boot_enabled": false,
            "size": "Standard_B1s",
            "source_image_id": "",
            "source_image_reference": [
              {
                "offer": "CentOS",
                "publisher": "OpenLogic",
                "sku": "8_2",
                "version": "latest"
              }
            ],
            "tags": {
              "Environment": "Lab",
              "ExpirationDate": "2022-08-12",
              "Name": "abhishek and mohit",
              "Project": "Automation Project - Assignment 2"
            },
            "termination_notification": null,
            "timeouts": null,
            "user_data": "",
            "virtual_machine_id": "098410a9-15a1-4fc3-b0f3-323231764ea6",
            "virtual_machine_scale_set_id": "",
            "vtpm_enabled": false,
            "zone": ""
          },
          "sensitive_attributes": [],
          "private": "eyJlMmJmYjczMC1lY2FhLTExZTYtOGY4OC0zNDM2M2JjN2M0YzAiOnsiY3JlYXRlIjoyNzAwMDAwMDAwMDAwLCJkZWxldGUiOjI3MDAwMDAwMDAwMDAsInJlYWQiOjMwMDAwMDAwMDAwMCwidXBkYXRlIjoyNzAwMDAwMDAwMDAwfX0=",
          "dependencies": [
            "module.common.azurerm_log_analytics_workspace.log_workspace",
            "module.common.azurerm_recovery_services_vault.rs_vault",
            "module.common.azurerm_storage_account.ssaccount",
            "module.common.azurerm_storage_container.storage_container",
            "module.network.azurerm_subnet.ns1",
            "module.network.azurerm_virtual_network.network-vnet",
            "module.rgroup.azurerm_resource_group.rg",
            "module.vmlinux.azurerm_availability_set.avset1",
            "module.vmlinux.azurerm_network_interface.nic1",
            "module.vmlinux.azurerm_public_ip.pip1"
          ]
        },
        {
          "index_key": 1,
          "schema_version": 0,
          "attributes": {
            "additional_capabilities": [],
            "admin_password": null,
            "admin_ssh_key": [
              {
                "public_key": "ssh-rsa AAAAB3NzaC1yc2EAAAADAQABAAABgQDrzM3bf6uhs7RJWy7fetZPbdoqYY/bXte58bmU5mY6Y9p2z27PL3UaUC5idy6hR5pVwSVwEzHrbj9/Eq7EI+K9LbJDCGwp5qF7gNCzOkD22zB6m62o6SGmzMtjlN8oLYoDpHhqNwLXWNMhewAR7NXfaGa6dgKxwK1KfZVo9abhbuUvKrm+ema0Ao9G8lr1d8qaz5beLwNVZqWFX4d1ELwrS8nqqelOlK0DedIBwCSpQsTza3dOI7e21FgegkDJKWiE0jdUKyysQOWF0b5iihuVWhuPPZehqw8C/HphDfamJ4ndhGexnK5WK3U22R5lSEzWkOpGDsxB08Xs1XWmT4VCo2WKsLq4eLDLuJ0SBOj6GYp1i4tRkrshpJwwB9YbBOMchdW23WnfYTeM6oorT95aZX4VqFZst/rcvA6ARR4t4fRqiNSqtWsl6Kp8N4mb9MPzBdEOp4PLPCID+WpYY4Ek3xWlI+UqfVxd47uB5xO9hHarqHAnxLB0QKBhfcvWi4s= root@DESKTOP-NGU72LE\n",
                "username": "n01512235"
              }
            ],
            "admin_username": "n01512235",
            "allow_extension_operations": true,
            "availability_set_id": "/subscriptions/59a99a66-ce45-4a31-9ea9-a5554eaef611/resourceGroups/2235-assignment02-RG/providers/Microsoft.Compute/availabilitySets/AVSETFORLINUX",
            "boot_diagnostics": [
              {
                "storage_account_uri": "https://n01512235ssa.blob.core.windows.net/"
              }
            ],
            "computer_name": "mylinux-cn-2",
            "custom_data": null,
            "dedicated_host_group_id": "",
            "dedicated_host_id": "",
            "disable_password_authentication": true,
            "edge_zone": "",
            "encryption_at_host_enabled": false,
            "eviction_policy": "",
            "extensions_time_budget": "PT1H30M",
            "id": "/subscriptions/59a99a66-ce45-4a31-9ea9-a5554eaef611/resourceGroups/2235-assignment02-RG/providers/Microsoft.Compute/virtualMachines/mylinux-vm-2",
            "identity": [],
            "license_type": "",
            "location": "australiaeast",
            "max_bid_price": -1,
            "name": "mylinux-vm-2",
            "network_interface_ids": [
              "/subscriptions/59a99a66-ce45-4a31-9ea9-a5554eaef611/resourceGroups/2235-assignment02-RG/providers/Microsoft.Network/networkInterfaces/mylinux-nic-1"
            ],
            "os_disk": [
              {
                "caching": "ReadWrite",
                "diff_disk_settings": [],
                "disk_encryption_set_id": "",
                "disk_size_gb": 32,
                "name": "mylinux-os-disk-2",
                "storage_account_type": "Premium_LRS",
                "write_accelerator_enabled": false
              }
            ],
            "patch_mode": "ImageDefault",
            "plan": [],
            "platform_fault_domain": -1,
            "priority": "Regular",
            "private_ip_address": "10.0.1.5",
            "private_ip_addresses": [
              "10.0.1.5"
            ],
            "provision_vm_agent": true,
            "proximity_placement_group_id": "",
            "public_ip_address": "20.5.125.249",
            "public_ip_addresses": [
              "20.5.125.249"
            ],
            "resource_group_name": "2235-assignment02-RG",
            "secret": [],
            "secure_boot_enabled": false,
            "size": "Standard_B1s",
            "source_image_id": "",
            "source_image_reference": [
              {
                "offer": "CentOS",
                "publisher": "OpenLogic",
                "sku": "8_2",
                "version": "latest"
              }
            ],
            "tags": {
              "Environment": "Lab",
              "ExpirationDate": "2022-08-12",
              "Name": "abhishek and mohit",
              "Project": "Automation Project - Assignment 2"
            },
            "termination_notification": null,
            "timeouts": null,
            "user_data": "",
            "virtual_machine_id": "e89f6f5c-8cc3-4c0d-b7f6-ce059da861fc",
            "virtual_machine_scale_set_id": "",
            "vtpm_enabled": false,
            "zone": ""
          },
          "sensitive_attributes": [],
          "private": "eyJlMmJmYjczMC1lY2FhLTExZTYtOGY4OC0zNDM2M2JjN2M0YzAiOnsiY3JlYXRlIjoyNzAwMDAwMDAwMDAwLCJkZWxldGUiOjI3MDAwMDAwMDAwMDAsInJlYWQiOjMwMDAwMDAwMDAwMCwidXBkYXRlIjoyNzAwMDAwMDAwMDAwfX0=",
          "dependencies": [
            "module.common.azurerm_log_analytics_workspace.log_workspace",
            "module.common.azurerm_recovery_services_vault.rs_vault",
            "module.common.azurerm_storage_account.ssaccount",
            "module.common.azurerm_storage_container.storage_container",
            "module.network.azurerm_subnet.ns1",
            "module.network.azurerm_virtual_network.network-vnet",
            "module.rgroup.azurerm_resource_group.rg",
            "module.vmlinux.azurerm_availability_set.avset1",
            "module.vmlinux.azurerm_network_interface.nic1",
            "module.vmlinux.azurerm_public_ip.pip1"
          ]
        }
      ]
    },
    {
      "module": "module.vmlinux",
      "mode": "managed",
      "type": "azurerm_network_interface",
      "name": "nic1",
      "provider": "provider[\"registry.terraform.io/hashicorp/azurerm\"]",
      "instances": [
        {
          "index_key": 0,
          "schema_version": 0,
          "attributes": {
            "applied_dns_servers": [],
            "dns_servers": [],
            "edge_zone": "",
            "enable_accelerated_networking": false,
            "enable_ip_forwarding": false,
            "id": "/subscriptions/59a99a66-ce45-4a31-9ea9-a5554eaef611/resourceGroups/2235-assignment02-RG/providers/Microsoft.Network/networkInterfaces/mylinux-nic-1",
            "internal_dns_name_label": "",
            "internal_domain_name_suffix": "41bc02tvn1mujbbprvqtbrczxc.px.internal.cloudapp.net",
            "ip_configuration": [
              {
                "gateway_load_balancer_frontend_ip_configuration_id": "",
                "name": "mylinux-ipconfig-1",
                "primary": true,
                "private_ip_address": "10.0.1.5",
                "private_ip_address_allocation": "Dynamic",
                "private_ip_address_version": "IPv4",
                "public_ip_address_id": "/subscriptions/59a99a66-ce45-4a31-9ea9-a5554eaef611/resourceGroups/2235-assignment02-RG/providers/Microsoft.Network/publicIPAddresses/mylinux-pip35-2",
                "subnet_id": "/subscriptions/59a99a66-ce45-4a31-9ea9-a5554eaef611/resourceGroups/2235-assignment02-RG/providers/Microsoft.Network/virtualNetworks/network-vnet/subnets/network-subnet1"
              }
            ],
            "location": "australiaeast",
            "mac_address": "",
            "name": "mylinux-nic-1",
            "private_ip_address": "10.0.1.5",
            "private_ip_addresses": [
              "10.0.1.5"
            ],
            "resource_group_name": "2235-assignment02-RG",
            "tags": {
              "Environment": "Lab",
              "ExpirationDate": "2022-08-12",
              "Name": "abhishek and mohit",
              "Project": "Automation Project - Assignment 2"
            },
            "timeouts": null,
            "virtual_machine_id": ""
          },
          "sensitive_attributes": [],
          "private": "eyJlMmJmYjczMC1lY2FhLTExZTYtOGY4OC0zNDM2M2JjN2M0YzAiOnsiY3JlYXRlIjoxODAwMDAwMDAwMDAwLCJkZWxldGUiOjE4MDAwMDAwMDAwMDAsInJlYWQiOjMwMDAwMDAwMDAwMCwidXBkYXRlIjoxODAwMDAwMDAwMDAwfX0=",
          "dependencies": [
            "module.common.azurerm_log_analytics_workspace.log_workspace",
            "module.common.azurerm_recovery_services_vault.rs_vault",
            "module.common.azurerm_storage_account.ssaccount",
            "module.common.azurerm_storage_container.storage_container",
            "module.network.azurerm_subnet.ns1",
            "module.network.azurerm_virtual_network.network-vnet",
            "module.rgroup.azurerm_resource_group.rg",
            "module.vmlinux.azurerm_public_ip.pip1"
          ]
        },
        {
          "index_key": 1,
          "schema_version": 0,
          "attributes": {
            "applied_dns_servers": [],
            "dns_servers": [],
            "edge_zone": "",
            "enable_accelerated_networking": false,
            "enable_ip_forwarding": false,
            "id": "/subscriptions/59a99a66-ce45-4a31-9ea9-a5554eaef611/resourceGroups/2235-assignment02-RG/providers/Microsoft.Network/networkInterfaces/mylinux-nic-2",
            "internal_dns_name_label": "",
            "internal_domain_name_suffix": "41bc02tvn1mujbbprvqtbrczxc.px.internal.cloudapp.net",
            "ip_configuration": [
              {
                "gateway_load_balancer_frontend_ip_configuration_id": "",
                "name": "mylinux-ipconfig-2",
                "primary": true,
                "private_ip_address": "10.0.1.4",
                "private_ip_address_allocation": "Dynamic",
                "private_ip_address_version": "IPv4",
                "public_ip_address_id": "/subscriptions/59a99a66-ce45-4a31-9ea9-a5554eaef611/resourceGroups/2235-assignment02-RG/providers/Microsoft.Network/publicIPAddresses/mylinux-pip35-1",
                "subnet_id": "/subscriptions/59a99a66-ce45-4a31-9ea9-a5554eaef611/resourceGroups/2235-assignment02-RG/providers/Microsoft.Network/virtualNetworks/network-vnet/subnets/network-subnet1"
              }
            ],
            "location": "australiaeast",
            "mac_address": "",
            "name": "mylinux-nic-2",
            "private_ip_address": "10.0.1.4",
            "private_ip_addresses": [
              "10.0.1.4"
            ],
            "resource_group_name": "2235-assignment02-RG",
            "tags": {
              "Environment": "Lab",
              "ExpirationDate": "2022-08-12",
              "Name": "abhishek and mohit",
              "Project": "Automation Project - Assignment 2"
            },
            "timeouts": null,
            "virtual_machine_id": ""
          },
          "sensitive_attributes": [],
          "private": "eyJlMmJmYjczMC1lY2FhLTExZTYtOGY4OC0zNDM2M2JjN2M0YzAiOnsiY3JlYXRlIjoxODAwMDAwMDAwMDAwLCJkZWxldGUiOjE4MDAwMDAwMDAwMDAsInJlYWQiOjMwMDAwMDAwMDAwMCwidXBkYXRlIjoxODAwMDAwMDAwMDAwfX0=",
          "dependencies": [
            "module.common.azurerm_log_analytics_workspace.log_workspace",
            "module.common.azurerm_recovery_services_vault.rs_vault",
            "module.common.azurerm_storage_account.ssaccount",
            "module.common.azurerm_storage_container.storage_container",
            "module.network.azurerm_subnet.ns1",
            "module.network.azurerm_virtual_network.network-vnet",
            "module.rgroup.azurerm_resource_group.rg",
            "module.vmlinux.azurerm_public_ip.pip1"
          ]
        }
      ]
    },
    {
      "module": "module.vmlinux",
      "mode": "managed",
      "type": "azurerm_public_ip",
      "name": "pip1",
      "provider": "provider[\"registry.terraform.io/hashicorp/azurerm\"]",
      "instances": [
        {
          "index_key": 0,
          "schema_version": 0,
          "attributes": {
            "allocation_method": "Static",
            "domain_name_label": "mylinux-dns35-1",
            "edge_zone": "",
            "fqdn": "mylinux-dns35-1.australiaeast.cloudapp.azure.com",
            "id": "/subscriptions/59a99a66-ce45-4a31-9ea9-a5554eaef611/resourceGroups/2235-assignment02-RG/providers/Microsoft.Network/publicIPAddresses/mylinux-pip35-1",
            "idle_timeout_in_minutes": 4,
            "ip_address": "20.5.123.113",
            "ip_tags": null,
            "ip_version": "IPv4",
            "location": "australiaeast",
            "name": "mylinux-pip35-1",
            "public_ip_prefix_id": null,
            "resource_group_name": "2235-assignment02-RG",
            "reverse_fqdn": "",
            "sku": "Basic",
            "sku_tier": "Regional",
            "tags": {
              "Environment": "Lab",
              "ExpirationDate": "2022-08-12",
              "Name": "abhishek and mohit",
              "Project": "Automation Project - Assignment 2"
            },
            "timeouts": null,
            "zones": null
          },
          "sensitive_attributes": [],
          "private": "eyJlMmJmYjczMC1lY2FhLTExZTYtOGY4OC0zNDM2M2JjN2M0YzAiOnsiY3JlYXRlIjoxODAwMDAwMDAwMDAwLCJkZWxldGUiOjE4MDAwMDAwMDAwMDAsInJlYWQiOjMwMDAwMDAwMDAwMCwidXBkYXRlIjoxODAwMDAwMDAwMDAwfX0=",
          "dependencies": [
            "module.common.azurerm_log_analytics_workspace.log_workspace",
            "module.common.azurerm_recovery_services_vault.rs_vault",
            "module.common.azurerm_storage_account.ssaccount",
            "module.common.azurerm_storage_container.storage_container",
            "module.network.azurerm_subnet.ns1",
            "module.network.azurerm_virtual_network.network-vnet",
            "module.rgroup.azurerm_resource_group.rg"
          ]
        },
        {
          "index_key": 1,
          "schema_version": 0,
          "attributes": {
            "allocation_method": "Static",
            "domain_name_label": "mylinux-dns35-2",
            "edge_zone": "",
            "fqdn": "mylinux-dns35-2.australiaeast.cloudapp.azure.com",
            "id": "/subscriptions/59a99a66-ce45-4a31-9ea9-a5554eaef611/resourceGroups/2235-assignment02-RG/providers/Microsoft.Network/publicIPAddresses/mylinux-pip35-2",
            "idle_timeout_in_minutes": 4,
            "ip_address": "20.5.125.249",
            "ip_tags": null,
            "ip_version": "IPv4",
            "location": "australiaeast",
            "name": "mylinux-pip35-2",
            "public_ip_prefix_id": null,
            "resource_group_name": "2235-assignment02-RG",
            "reverse_fqdn": "",
            "sku": "Basic",
            "sku_tier": "Regional",
            "tags": {
              "Environment": "Lab",
              "ExpirationDate": "2022-08-12",
              "Name": "abhishek and mohit",
              "Project": "Automation Project - Assignment 2"
            },
            "timeouts": null,
            "zones": null
          },
          "sensitive_attributes": [],
          "private": "eyJlMmJmYjczMC1lY2FhLTExZTYtOGY4OC0zNDM2M2JjN2M0YzAiOnsiY3JlYXRlIjoxODAwMDAwMDAwMDAwLCJkZWxldGUiOjE4MDAwMDAwMDAwMDAsInJlYWQiOjMwMDAwMDAwMDAwMCwidXBkYXRlIjoxODAwMDAwMDAwMDAwfX0=",
          "dependencies": [
            "module.common.azurerm_log_analytics_workspace.log_workspace",
            "module.common.azurerm_recovery_services_vault.rs_vault",
            "module.common.azurerm_storage_account.ssaccount",
            "module.common.azurerm_storage_container.storage_container",
            "module.network.azurerm_subnet.ns1",
            "module.network.azurerm_virtual_network.network-vnet",
            "module.rgroup.azurerm_resource_group.rg"
          ]
        }
      ]
    },
    {
      "module": "module.vmlinux",
      "mode": "managed",
      "type": "azurerm_virtual_machine_extension",
      "name": "vmextension1",
      "provider": "provider[\"registry.terraform.io/hashicorp/azurerm\"]",
      "instances": [
        {
          "index_key": 0,
          "schema_version": 0,
          "attributes": {
            "auto_upgrade_minor_version": false,
            "automatic_upgrade_enabled": false,
            "id": "/subscriptions/59a99a66-ce45-4a31-9ea9-a5554eaef611/resourceGroups/2235-assignment02-RG/providers/Microsoft.Compute/virtualMachines/mylinux-vm-1/extensions/mylinux-vmx-1",
            "name": "mylinux-vmx-1",
            "protected_settings": null,
            "publisher": "Microsoft.Azure.NetworkWatcher",
            "settings": null,
            "tags": {
              "Environment": "Lab",
              "ExpirationDate": "2022-08-12",
              "Name": "abhishek and mohit",
              "Project": "Automation Project - Assignment 2"
            },
            "timeouts": null,
            "type": "NetworkWatcherAgentLinux",
            "type_handler_version": "1.4",
            "virtual_machine_id": "/subscriptions/59a99a66-ce45-4a31-9ea9-a5554eaef611/resourceGroups/2235-assignment02-RG/providers/Microsoft.Compute/virtualMachines/mylinux-vm-1"
          },
          "sensitive_attributes": [],
          "private": "eyJlMmJmYjczMC1lY2FhLTExZTYtOGY4OC0zNDM2M2JjN2M0YzAiOnsiY3JlYXRlIjoxODAwMDAwMDAwMDAwLCJkZWxldGUiOjE4MDAwMDAwMDAwMDAsInJlYWQiOjMwMDAwMDAwMDAwMCwidXBkYXRlIjoxODAwMDAwMDAwMDAwfX0=",
          "dependencies": [
            "module.common.azurerm_log_analytics_workspace.log_workspace",
            "module.common.azurerm_recovery_services_vault.rs_vault",
            "module.common.azurerm_storage_account.ssaccount",
            "module.common.azurerm_storage_container.storage_container",
            "module.network.azurerm_subnet.ns1",
            "module.network.azurerm_virtual_network.network-vnet",
            "module.rgroup.azurerm_resource_group.rg",
            "module.vmlinux.azurerm_availability_set.avset1",
            "module.vmlinux.azurerm_linux_virtual_machine.vm1",
            "module.vmlinux.azurerm_network_interface.nic1",
            "module.vmlinux.azurerm_public_ip.pip1"
          ]
        },
        {
          "index_key": 1,
          "schema_version": 0,
          "attributes": {
            "auto_upgrade_minor_version": false,
            "automatic_upgrade_enabled": false,
            "id": "/subscriptions/59a99a66-ce45-4a31-9ea9-a5554eaef611/resourceGroups/2235-assignment02-RG/providers/Microsoft.Compute/virtualMachines/mylinux-vm-2/extensions/mylinux-vmx-2",
            "name": "mylinux-vmx-2",
            "protected_settings": null,
            "publisher": "Microsoft.Azure.NetworkWatcher",
            "settings": null,
            "tags": {
              "Environment": "Lab",
              "ExpirationDate": "2022-08-12",
              "Name": "abhishek and mohit",
              "Project": "Automation Project - Assignment 2"
            },
            "timeouts": null,
            "type": "NetworkWatcherAgentLinux",
            "type_handler_version": "1.4",
            "virtual_machine_id": "/subscriptions/59a99a66-ce45-4a31-9ea9-a5554eaef611/resourceGroups/2235-assignment02-RG/providers/Microsoft.Compute/virtualMachines/mylinux-vm-2"
          },
          "sensitive_attributes": [],
          "private": "eyJlMmJmYjczMC1lY2FhLTExZTYtOGY4OC0zNDM2M2JjN2M0YzAiOnsiY3JlYXRlIjoxODAwMDAwMDAwMDAwLCJkZWxldGUiOjE4MDAwMDAwMDAwMDAsInJlYWQiOjMwMDAwMDAwMDAwMCwidXBkYXRlIjoxODAwMDAwMDAwMDAwfX0=",
          "dependencies": [
            "module.common.azurerm_log_analytics_workspace.log_workspace",
            "module.common.azurerm_recovery_services_vault.rs_vault",
            "module.common.azurerm_storage_account.ssaccount",
            "module.common.azurerm_storage_container.storage_container",
            "module.network.azurerm_subnet.ns1",
            "module.network.azurerm_virtual_network.network-vnet",
            "module.rgroup.azurerm_resource_group.rg",
            "module.vmlinux.azurerm_availability_set.avset1",
            "module.vmlinux.azurerm_linux_virtual_machine.vm1",
            "module.vmlinux.azurerm_network_interface.nic1",
            "module.vmlinux.azurerm_public_ip.pip1"
          ]
        }
      ]
    },
    {
      "module": "module.vmlinux",
      "mode": "managed",
      "type": "null_resource",
      "name": "linux_provisioner",
      "provider": "provider[\"registry.terraform.io/hashicorp/null\"]",
      "instances": [
        {
          "index_key": 0,
          "schema_version": 0,
          "attributes": {
            "id": "6207444886759520237",
            "triggers": null
          },
          "sensitive_attributes": [],
          "private": "bnVsbA==",
          "dependencies": [
            "module.common.azurerm_log_analytics_workspace.log_workspace",
            "module.common.azurerm_recovery_services_vault.rs_vault",
            "module.common.azurerm_storage_account.ssaccount",
            "module.common.azurerm_storage_container.storage_container",
            "module.network.azurerm_subnet.ns1",
            "module.network.azurerm_virtual_network.network-vnet",
            "module.rgroup.azurerm_resource_group.rg",
            "module.vmlinux.azurerm_availability_set.avset1",
            "module.vmlinux.azurerm_linux_virtual_machine.vm1",
            "module.vmlinux.azurerm_network_interface.nic1",
            "module.vmlinux.azurerm_public_ip.pip1"
          ]
        },
        {
          "index_key": 1,
          "schema_version": 0,
          "attributes": {
            "id": "3077325923419703600",
            "triggers": null
          },
          "sensitive_attributes": [],
          "private": "bnVsbA==",
          "dependencies": [
            "module.common.azurerm_log_analytics_workspace.log_workspace",
            "module.common.azurerm_recovery_services_vault.rs_vault",
            "module.common.azurerm_storage_account.ssaccount",
            "module.common.azurerm_storage_container.storage_container",
            "module.network.azurerm_subnet.ns1",
            "module.network.azurerm_virtual_network.network-vnet",
            "module.rgroup.azurerm_resource_group.rg",
            "module.vmlinux.azurerm_availability_set.avset1",
            "module.vmlinux.azurerm_linux_virtual_machine.vm1",
            "module.vmlinux.azurerm_network_interface.nic1",
            "module.vmlinux.azurerm_public_ip.pip1"
          ]
        }
      ]
    },
    {
      "module": "module.vmwindows",
      "mode": "managed",
      "type": "azurerm_availability_set",
      "name": "avset2",
      "provider": "provider[\"registry.terraform.io/hashicorp/azurerm\"]",
      "instances": [
        {
          "schema_version": 0,
          "attributes": {
            "id": "/subscriptions/59a99a66-ce45-4a31-9ea9-a5554eaef611/resourceGroups/2235-assignment02-RG/providers/Microsoft.Compute/availabilitySets/AvsetforWindows",
            "location": "australiaeast",
            "managed": true,
            "name": "AvsetforWindows",
            "platform_fault_domain_count": 2,
            "platform_update_domain_count": 10,
            "proximity_placement_group_id": null,
            "resource_group_name": "2235-assignment02-RG",
            "tags": null,
            "timeouts": null
          },
          "sensitive_attributes": [],
          "private": "eyJlMmJmYjczMC1lY2FhLTExZTYtOGY4OC0zNDM2M2JjN2M0YzAiOnsiY3JlYXRlIjoxODAwMDAwMDAwMDAwLCJkZWxldGUiOjE4MDAwMDAwMDAwMDAsInJlYWQiOjMwMDAwMDAwMDAwMCwidXBkYXRlIjoxODAwMDAwMDAwMDAwfX0=",
          "dependencies": [
            "module.common.azurerm_log_analytics_workspace.log_workspace",
            "module.common.azurerm_recovery_services_vault.rs_vault",
            "module.common.azurerm_storage_account.ssaccount",
            "module.common.azurerm_storage_container.storage_container",
            "module.network.azurerm_subnet.ns1",
            "module.network.azurerm_virtual_network.network-vnet",
            "module.rgroup.azurerm_resource_group.rg"
          ]
        }
      ]
    },
    {
      "module": "module.vmwindows",
      "mode": "managed",
      "type": "azurerm_network_interface",
      "name": "nic2",
      "provider": "provider[\"registry.terraform.io/hashicorp/azurerm\"]",
      "instances": [
        {
          "schema_version": 0,
          "attributes": {
            "applied_dns_servers": [],
            "dns_servers": [],
            "edge_zone": "",
            "enable_accelerated_networking": false,
            "enable_ip_forwarding": false,
            "id": "/subscriptions/59a99a66-ce45-4a31-9ea9-a5554eaef611/resourceGroups/2235-assignment02-RG/providers/Microsoft.Network/networkInterfaces/mywins-nic",
            "internal_dns_name_label": "",
            "internal_domain_name_suffix": "41bc02tvn1mujbbprvqtbrczxc.px.internal.cloudapp.net",
            "ip_configuration": [
              {
                "gateway_load_balancer_frontend_ip_configuration_id": "",
                "name": "mywins-ipconfig",
                "primary": true,
                "private_ip_address": "10.0.1.6",
                "private_ip_address_allocation": "Dynamic",
                "private_ip_address_version": "IPv4",
                "public_ip_address_id": "/subscriptions/59a99a66-ce45-4a31-9ea9-a5554eaef611/resourceGroups/2235-assignment02-RG/providers/Microsoft.Network/publicIPAddresses/mywins-pip35",
                "subnet_id": "/subscriptions/59a99a66-ce45-4a31-9ea9-a5554eaef611/resourceGroups/2235-assignment02-RG/providers/Microsoft.Network/virtualNetworks/network-vnet/subnets/network-subnet1"
              }
            ],
            "location": "australiaeast",
            "mac_address": "",
            "name": "mywins-nic",
            "private_ip_address": "10.0.1.6",
            "private_ip_addresses": [
              "10.0.1.6"
            ],
            "resource_group_name": "2235-assignment02-RG",
            "tags": {
              "Environment": "Lab",
              "ExpirationDate": "2022-08-12",
              "Name": "abhishek and mohit",
              "Project": "Automation Project - Assignment 2"
            },
            "timeouts": null,
            "virtual_machine_id": ""
          },
          "sensitive_attributes": [],
          "private": "eyJlMmJmYjczMC1lY2FhLTExZTYtOGY4OC0zNDM2M2JjN2M0YzAiOnsiY3JlYXRlIjoxODAwMDAwMDAwMDAwLCJkZWxldGUiOjE4MDAwMDAwMDAwMDAsInJlYWQiOjMwMDAwMDAwMDAwMCwidXBkYXRlIjoxODAwMDAwMDAwMDAwfX0=",
          "dependencies": [
            "module.common.azurerm_log_analytics_workspace.log_workspace",
            "module.common.azurerm_recovery_services_vault.rs_vault",
            "module.common.azurerm_storage_account.ssaccount",
            "module.common.azurerm_storage_container.storage_container",
            "module.network.azurerm_subnet.ns1",
            "module.network.azurerm_virtual_network.network-vnet",
            "module.rgroup.azurerm_resource_group.rg",
            "module.vmwindows.azurerm_public_ip.pip2"
          ]
        }
      ]
    },
    {
      "module": "module.vmwindows",
      "mode": "managed",
      "type": "azurerm_public_ip",
      "name": "pip2",
      "provider": "provider[\"registry.terraform.io/hashicorp/azurerm\"]",
      "instances": [
        {
          "schema_version": 0,
          "attributes": {
            "allocation_method": "Static",
            "domain_name_label": "mywins-dns35",
            "edge_zone": "",
            "fqdn": "mywins-dns35.australiaeast.cloudapp.azure.com",
            "id": "/subscriptions/59a99a66-ce45-4a31-9ea9-a5554eaef611/resourceGroups/2235-assignment02-RG/providers/Microsoft.Network/publicIPAddresses/mywins-pip35",
            "idle_timeout_in_minutes": 4,
            "ip_address": "20.5.127.123",
            "ip_tags": null,
            "ip_version": "IPv4",
            "location": "australiaeast",
            "name": "mywins-pip35",
            "public_ip_prefix_id": null,
            "resource_group_name": "2235-assignment02-RG",
            "reverse_fqdn": "",
            "sku": "Basic",
            "sku_tier": "Regional",
            "tags": {
              "Environment": "Lab",
              "ExpirationDate": "2022-08-12",
              "Name": "abhishek and mohit",
              "Project": "Automation Project - Assignment 2"
            },
            "timeouts": null,
            "zones": null
          },
          "sensitive_attributes": [],
          "private": "eyJlMmJmYjczMC1lY2FhLTExZTYtOGY4OC0zNDM2M2JjN2M0YzAiOnsiY3JlYXRlIjoxODAwMDAwMDAwMDAwLCJkZWxldGUiOjE4MDAwMDAwMDAwMDAsInJlYWQiOjMwMDAwMDAwMDAwMCwidXBkYXRlIjoxODAwMDAwMDAwMDAwfX0=",
          "dependencies": [
            "module.common.azurerm_log_analytics_workspace.log_workspace",
            "module.common.azurerm_recovery_services_vault.rs_vault",
            "module.common.azurerm_storage_account.ssaccount",
            "module.common.azurerm_storage_container.storage_container",
            "module.network.azurerm_subnet.ns1",
            "module.network.azurerm_virtual_network.network-vnet",
            "module.rgroup.azurerm_resource_group.rg"
          ]
        }
      ]
    },
    {
      "module": "module.vmwindows",
      "mode": "managed",
      "type": "azurerm_windows_virtual_machine",
      "name": "vm2",
      "provider": "provider[\"registry.terraform.io/hashicorp/azurerm\"]",
      "instances": [
        {
          "schema_version": 0,
          "attributes": {
            "additional_capabilities": [],
            "additional_unattend_content": [],
            "admin_password": "\u003cP@$$w0rd\u003e",
            "admin_username": "n01512235",
            "allow_extension_operations": true,
            "availability_set_id": "/subscriptions/59a99a66-ce45-4a31-9ea9-a5554eaef611/resourceGroups/2235-assignment02-RG/providers/Microsoft.Compute/availabilitySets/AVSETFORWINDOWS",
            "boot_diagnostics": [
              {
                "storage_account_uri": "https://n01512235ssa.blob.core.windows.net/"
              }
            ],
            "computer_name": "mywins",
            "custom_data": null,
            "dedicated_host_group_id": "",
            "dedicated_host_id": "",
            "edge_zone": "",
            "enable_automatic_updates": true,
            "encryption_at_host_enabled": false,
            "eviction_policy": "",
            "extensions_time_budget": "PT1H30M",
            "hotpatching_enabled": false,
            "id": "/subscriptions/59a99a66-ce45-4a31-9ea9-a5554eaef611/resourceGroups/2235-assignment02-RG/providers/Microsoft.Compute/virtualMachines/mywins-vm",
            "identity": [],
            "license_type": "",
            "location": "australiaeast",
            "max_bid_price": -1,
            "name": "mywins-vm",
            "network_interface_ids": [
              "/subscriptions/59a99a66-ce45-4a31-9ea9-a5554eaef611/resourceGroups/2235-assignment02-RG/providers/Microsoft.Network/networkInterfaces/mywins-nic"
            ],
            "os_disk": [
              {
                "caching": "ReadWrite",
                "diff_disk_settings": [],
                "disk_encryption_set_id": "",
                "disk_size_gb": 128,
                "name": "mywins-os-disk",
                "storage_account_type": "StandardSSD_LRS",
                "write_accelerator_enabled": false
              }
            ],
            "patch_mode": "AutomaticByOS",
            "plan": [],
            "platform_fault_domain": -1,
            "priority": "Regular",
            "private_ip_address": "10.0.1.6",
            "private_ip_addresses": [
              "10.0.1.6"
            ],
            "provision_vm_agent": true,
            "proximity_placement_group_id": "",
            "public_ip_address": "20.5.127.123",
            "public_ip_addresses": [
              "20.5.127.123"
            ],
            "resource_group_name": "2235-assignment02-RG",
            "secret": [],
            "secure_boot_enabled": false,
            "size": "Standard_B1s",
            "source_image_id": "",
            "source_image_reference": [
              {
                "offer": "WindowsServer",
                "publisher": "MicrosoftWindowsServer",
                "sku": "2016-Datacenter",
                "version": "latest"
              }
            ],
            "tags": {
              "Environment": "Lab",
              "ExpirationDate": "2022-08-12",
              "Name": "abhishek and mohit",
              "Project": "Automation Project - Assignment 2"
            },
            "termination_notification": null,
            "timeouts": null,
            "timezone": "",
            "user_data": "",
            "virtual_machine_id": "4407cae9-3314-4faf-8327-0d0f65ef86b3",
            "virtual_machine_scale_set_id": "",
            "vtpm_enabled": false,
            "winrm_listener": [],
            "zone": ""
          },
          "sensitive_attributes": [],
          "private": "eyJlMmJmYjczMC1lY2FhLTExZTYtOGY4OC0zNDM2M2JjN2M0YzAiOnsiY3JlYXRlIjoyNzAwMDAwMDAwMDAwLCJkZWxldGUiOjI3MDAwMDAwMDAwMDAsInJlYWQiOjMwMDAwMDAwMDAwMCwidXBkYXRlIjoyNzAwMDAwMDAwMDAwfX0=",
          "dependencies": [
            "module.common.azurerm_log_analytics_workspace.log_workspace",
            "module.common.azurerm_recovery_services_vault.rs_vault",
            "module.common.azurerm_storage_account.ssaccount",
            "module.common.azurerm_storage_container.storage_container",
            "module.network.azurerm_subnet.ns1",
            "module.network.azurerm_virtual_network.network-vnet",
            "module.rgroup.azurerm_resource_group.rg",
            "module.vmwindows.azurerm_availability_set.avset2",
            "module.vmwindows.azurerm_network_interface.nic2",
            "module.vmwindows.azurerm_public_ip.pip2"
          ]
        }
      ]
    }
  ]
}
